// !$*UTF8*$!
{
	archiveVersion = 1;
	classes = {
	};
	objectVersion = 46;
	objects = {

/* Begin PBXBuildFile section */
		68C582DC1C2003C800A1F776 /* main.m in Sources */ = {isa = PBXBuildFile; fileRef = 68C582DB1C2003C800A1F776 /* main.m */; };
		68C582DF1C2003C800A1F776 /* AppDelegate.m in Sources */ = {isa = PBXBuildFile; fileRef = 68C582DE1C2003C800A1F776 /* AppDelegate.m */; };
		68C582E21C2003C800A1F776 /* ViewController.m in Sources */ = {isa = PBXBuildFile; fileRef = 68C582E11C2003C800A1F776 /* ViewController.m */; };
		68C582E51C2003C800A1F776 /* Main.storyboard in Resources */ = {isa = PBXBuildFile; fileRef = 68C582E31C2003C800A1F776 /* Main.storyboard */; };
		68C582E71C2003C800A1F776 /* Assets.xcassets in Resources */ = {isa = PBXBuildFile; fileRef = 68C582E61C2003C800A1F776 /* Assets.xcassets */; };
		68C582EA1C2003C800A1F776 /* LaunchScreen.storyboard in Resources */ = {isa = PBXBuildFile; fileRef = 68C582E81C2003C800A1F776 /* LaunchScreen.storyboard */; };
		68C582F61C20050100A1F776 /* HWDownSelectedView.m in Sources */ = {isa = PBXBuildFile; fileRef = 68C582F51C20050100A1F776 /* HWDownSelectedView.m */; };
		68FE85131C201D38008365C2 /* xiaolian.png in Resources */ = {isa = PBXBuildFile; fileRef = 68FE85121C201D38008365C2 /* xiaolian.png */; };
/* End PBXBuildFile section */

/* Begin PBXFileReference section */
		68C582D71C2003C800A1F776 /* HWDownSelectedTF.app */ = {isa = PBXFileReference; explicitFileType = wrapper.application; includeInIndex = 0; path = HWDownSelectedTF.app; sourceTree = BUILT_PRODUCTS_DIR; };
		68C582DB1C2003C800A1F776 /* main.m */ = {isa = PBXFileReference; lastKnownFileType = sourcecode.c.objc; path = main.m; sourceTree = "<group>"; };
		68C582DD1C2003C800A1F776 /* AppDelegate.h */ = {isa = PBXFileReference; lastKnownFileType = sourcecode.c.h; path = AppDelegate.h; sourceTree = "<group>"; };
		68C582DE1C2003C800A1F776 /* AppDelegate.m */ = {isa = PBXFileReference; lastKnownFileType = sourcecode.c.objc; path = AppDelegate.m; sourceTree = "<group>"; };
		68C582E01C2003C800A1F776 /* ViewController.h */ = {isa = PBXFileReference; lastKnownFileType = sourcecode.c.h; path = ViewController.h; sourceTree = "<group>"; };
		68C582E11C2003C800A1F776 /* ViewController.m */ = {isa = PBXFileReference; lastKnownFileType = sourcecode.c.objc; path = ViewController.m; sourceTree = "<group>"; };
		68C582E41C2003C800A1F776 /* Base */ = {isa = PBXFileReference; lastKnownFileType = file.storyboard; name = Base; path = Base.lproj/Main.storyboard; sourceTree = "<group>"; };
		68C582E61C2003C800A1F776 /* Assets.xcassets */ = {isa = PBXFileReference; lastKnownFileType = folder.assetcatalog; path = Assets.xcassets; sourceTree = "<group>"; };
		68C582E91C2003C800A1F776 /* Base */ = {isa = PBXFileReference; lastKnownFileType = file.storyboard; name = Base; path = Base.lproj/LaunchScreen.storyboard; sourceTree = "<group>"; };
		68C582EB1C2003C800A1F776 /* Info.plist */ = {isa = PBXFileReference; lastKnownFileType = text.plist.xml; path = Info.plist; sourceTree = "<group>"; };
		68C582F41C20050100A1F776 /* HWDownSelectedView.h */ = {isa = PBXFileReference; fileEncoding = 4; lastKnownFileType = sourcecode.c.h; path = HWDownSelectedView.h; sourceTree = "<group>"; };
		68C582F51C20050100A1F776 /* HWDownSelectedView.m */ = {isa = PBXFileReference; fileEncoding = 4; lastKnownFileType = sourcecode.c.objc; path = HWDownSelectedView.m; sourceTree = "<group>"; };
		68FE85121C201D38008365C2 /* xiaolian.png */ = {isa = PBXFileReference; lastKnownFileType = image.png; path = xiaolian.png; sourceTree = "<group>"; };
/* End PBXFileReference section */

/* Begin PBXFrameworksBuildPhase section */
		68C582D41C2003C800A1F776 /* Frameworks */ = {
			isa = PBXFrameworksBuildPhase;
			buildActionMask = 2147483647;
			files = (
			);
			runOnlyForDeploymentPostprocessing = 0;
		};
/* End PBXFrameworksBuildPhase section */

/* Begin PBXGroup section */
		68C582CE1C2003C800A1F776 = {
			isa = PBXGroup;
			children = (
				68C582D91C2003C800A1F776 /* HWDownSelectedTF */,
				68C582D81C2003C800A1F776 /* Products */,
			);
			sourceTree = "<group>";
		};
		68C582D81C2003C800A1F776 /* Products */ = {
			isa = PBXGroup;
			children = (
				68C582D71C2003C800A1F776 /* HWDownSelectedTF.app */,
			);
			name = Products;
			sourceTree = "<group>";
		};
		68C582D91C2003C800A1F776 /* HWDownSelectedTF */ = {
			isa = PBXGroup;
			children = (
				68C582F41C20050100A1F776 /* HWDownSelectedView.h */,
				68C582F51C20050100A1F776 /* HWDownSelectedView.m */,
				68C582DD1C2003C800A1F776 /* AppDelegate.h */,
				68C582DE1C2003C800A1F776 /* AppDelegate.m */,
				68C582E01C2003C800A1F776 /* ViewController.h */,
				68C582E11C2003C800A1F776 /* ViewController.m */,
				68C582E31C2003C800A1F776 /* Main.storyboard */,
				68C582E61C2003C800A1F776 /* Assets.xcassets */,
				68C582E81C2003C800A1F776 /* LaunchScreen.storyboard */,
				68C582EB1C2003C800A1F776 /* Info.plist */,
				68C582DA1C2003C800A1F776 /* Supporting Files */,
			);
			path = HWDownSelectedTF;
			sourceTree = "<group>";
		};
		68C582DA1C2003C800A1F776 /* Supporting Files */ = {
			isa = PBXGroup;
			children = (
				68FE85121C201D38008365C2 /* xiaolian.png */,
				68C582DB1C2003C800A1F776 /* main.m */,
			);
			name = "Supporting Files";
			sourceTree = "<group>";
		};
/* End PBXGroup section */

/* Begin PBXNativeTarget section */
		68C582D61C2003C800A1F776 /* HWDownSelectedTF */ = {
			isa = PBXNativeTarget;
			buildConfigurationList = 68C582EE1C2003C800A1F776 /* Build configuration list for PBXNativeTarget "HWDownSelectedTF" */;
			buildPhases = (
				68C582D31C2003C800A1F776 /* Sources */,
				68C582D41C2003C800A1F776 /* Frameworks */,
				68C582D51C2003C800A1F776 /* Resources */,
			);
			buildRules = (
			);
			dependencies = (
			);
			name = HWDownSelectedTF;
			productName = HWDownSelectedTF;
			productReference = 68C582D71C2003C800A1F776 /* HWDownSelectedTF.app */;
			productType = "com.apple.product-type.application";
		};
/* End PBXNativeTarget section */

/* Begin PBXProject section */
		68C582CF1C2003C800A1F776 /* Project object */ = {
			isa = PBXProject;
			attributes = {
				CLASSPREFIX = HW;
				LastUpgradeCheck = 0720;
				ORGANIZATIONNAME = AndLiSoft;
				TargetAttributes = {
					68C582D61C2003C800A1F776 = {
						CreatedOnToolsVersion = 7.2;
					};
				};
			};
			buildConfigurationList = 68C582D21C2003C800A1F776 /* Build configuration list for PBXProject "HWDownSelectedTF" */;
			compatibilityVersion = "Xcode 3.2";
			developmentRegion = English;
			hasScannedForEncodings = 0;
			knownRegions = (
				en,
				Base,
			);
			mainGroup = 68C582CE1C2003C800A1F776;
			productRefGroup = 68C582D81C2003C800A1F776 /* Products */;
			projectDirPath = "";
			projectRoot = "";
			targets = (
				68C582D61C2003C800A1F776 /* HWDownSelectedTF */,
			);
		};
/* End PBXProject section */

/* Begin PBXResourcesBuildPhase section */
		68C582D51C2003C800A1F776 /* Resources */ = {
			isa = PBXResourcesBuildPhase;
			buildActionMask = 2147483647;
			files = (
				68C582EA1C2003C800A1F776 /* LaunchScreen.storyboard in Resources */,
				68C582E71C2003C800A1F776 /* Assets.xcassets in Resources */,
				68C582E51C2003C800A1F776 /* Main.storyboard in Resources */,
				68FE85131C201D38008365C2 /* xiaolian.png in Resources */,
			);
			runOnlyForDeploymentPostprocessing = 0;
		};
/* End PBXResourcesBuildPhase section */

/* Begin PBXSourcesBuildPhase section */
		68C582D31C2003C800A1F776 /* Sources */ = {
			isa = PBXSourcesBuildPhase;
			buildActionMask = 2147483647;
			files = (
				68C582E21C2003C800A1F776 /* ViewController.m in Sources */,
				68C582F61C20050100A1F776 /* HWDownSelectedView.m in Sources */,
				68C582DF1C2003C800A1F776 /* AppDelegate.m in Sources */,
				68C582DC1C2003C800A1F776 /* main.m in Sources */,
			);
			runOnlyForDeploymentPostprocessing = 0;
		};
/* End PBXSourcesBuildPhase section */

/* Begin PBXVariantGroup section */
		68C582E31C2003C800A1F776 /* Main.storyboard */ = {
			isa = PBXVariantGroup;
			children = (
				68C582E41C2003C800A1F776 /* Base */,
			);
			name = Main.storyboard;
			sourceTree = "<group>";
		};
		68C582E81C2003C800A1F776 /* LaunchScreen.storyboard */ = {
			isa = PBXVariantGroup;
			children = (
				68C582E91C2003C800A1F776 /* Base */,
			);
			name = LaunchScreen.storyboard;
			sourceTree = "<group>";
		};
/* End PBXVariantGroup section */

/* Begin XCBuildConfiguration section */
		68C582EC1C2003C800A1F776 /* Debug */ = {
			isa = XCBuildConfiguration;
			buildSettings = {
				ALWAYS_SEARCH_USER_PATHS = NO;
				CLANG_CXX_LANGUAGE_STANDARD = "gnu++0x";
				CLANG_CXX_LIBRARY = "libc++";
				CLANG_ENABLE_MODULES = YES;
				CLANG_ENABLE_OBJC_ARC = YES;
				CLANG_WARN_BOOL_CONVERSION = YES;
				CLANG_WARN_CONSTANT_CONVERSION = YES;
				CLANG_WARN_DIRECT_OBJC_ISA_USAGE = YES_ERROR;
				CLANG_WARN_EMPTY_BODY = YES;
				CLANG_WARN_ENUM_CONVERSION = YES;
				CLANG_WARN_INT_CONVERSION = YES;
				CLANG_WARN_OBJC_ROOT_CLASS = YES_ERROR;
				CLANG_WARN_UNREACHABLE_CODE = YES;
				CLANG_WARN__DUPLICATE_METHOD_MATCH = YES;
				"CODE_SIGN_IDENTITY[sdk=iphoneos*]" = "iPhone Developer";
				COPY_PHASE_STRIP = NO;
				DEBUG_INFORMATION_FORMAT = dwarf;
				ENABLE_STRICT_OBJC_MSGSEND = YES;
				ENABLE_TESTABILITY = YES;
				GCC_C_LANGUAGE_STANDARD = gnu99;
				GCC_DYNAMIC_NO_PIC = NO;
				GCC_NO_COMMON_BLOCKS = YES;
				GCC_OPTIMIZATION_LEVEL = 0;
				GCC_PREPROCESSOR_DEFINITIONS = (
					"DEBUG=1",
					"$(inherited)",
				);
				GCC_WARN_64_TO_32_BIT_CONVERSION = YES;
				GCC_WARN_ABOUT_RETURN_TYPE = YES_ERROR;
				GCC_WARN_UNDECLARED_SELECTOR = YES;
				GCC_WARN_UNINITIALIZED_AUTOS = YES_AGGRESSIVE;
				GCC_WARN_UNUSED_FUNCTION = YES;
				GCC_WARN_UNUSED_VARIABLE = YES;
				IPHONEOS_DEPLOYMENT_TARGET = 9.2;
				MTL_ENABLE_DEBUG_INFO = YES;
				ONLY_ACTIVE_ARCH = YES;
				SDKROOT = iphoneos;
			};
			name = Debug;
		};
		68C582ED1C2003C800A1F776 /* Release */ = {
			isa = XCBuildConfiguration;
			buildSettings = {
				ALWAYS_SEARCH_USER_PATHS = NO;
				CLANG_CXX_LANGUAGE_STANDARD = "gnu++0x";
				CLANG_CXX_LIBRARY = "libc++";
				CLANG_ENABLE_MODULES = YES;
				CLANG_ENABLE_OBJC_ARC = YES;
				CLANG_WARN_BOOL_CONVERSION = YES;
				CLANG_WARN_CONSTANT_CONVERSION = YES;
				CLANG_WARN_DIRECT_OBJC_ISA_USAGE = YES_ERROR;
				CLANG_WARN_EMPTY_BODY = YES;
				CLANG_WARN_ENUM_CONVERSION = YES;
				CLANG_WARN_INT_CONVERSION = YES;
				CLANG_WARN_OBJC_ROOT_CLASS = YES_ERROR;
				CLANG_WARN_UNREACHABLE_CODE = YES;
				CLANG_WARN__DUPLICATE_METHOD_MATCH = YES;
				"CODE_SIGN_IDENTITY[sdk=iphoneos*]" = "iPhone Developer";
				COPY_PHASE_STRIP = NO;
				DEBUG_INFORMATION_FORMAT = "dwarf-with-dsym";
				ENABLE_NS_ASSERTIONS = NO;
				ENABLE_STRICT_OBJC_MSGSEND = YES;
				GCC_C_LANGUAGE_STANDARD = gnu99;
				GCC_NO_COMMON_BLOCKS = YES;
				GCC_WARN_64_TO_32_BIT_CONVERSION = YES;
				GCC_WARN_ABOUT_RETURN_TYPE = YES_ERROR;
				GCC_WARN_UNDECLARED_SELECTOR = YES;
				GCC_WARN_UNINITIALIZED_AUTOS = YES_AGGRESSIVE;
				GCC_WARN_UNUSED_FUNCTION = YES;
				GCC_WARN_UNUSED_VARIABLE = YES;
				IPHONEOS_DEPLOYMENT_TARGET = 9.2;
				MTL_ENABLE_DEBUG_INFO = NO;
				SDKROOT = iphoneos;
				VALIDATE_PRODUCT = YES;
			};
			name = Release;
		};
		68C582EF1C2003C800A1F776 /* Debug */ = {
			isa = XCBuildConfiguration;
			buildSettings = {
				ASSETCATALOG_COMPILER_APPICON_NAME = AppIcon;
				INFOPLIST_FILE = HWDownSelectedTF/Info.plist;
				IPHONEOS_DEPLOYMENT_TARGET = 7.0;
				LD_RUNPATH_SEARCH_PATHS = "$(inherited) @executable_path/Frameworks";
				PRODUCT_BUNDLE_IDENTIFIER = com.andlisoft.HWDownSelectedTF;
				PRODUCT_NAME = "$(TARGET_NAME)";
			};
			name = Debug;
		};
		68C582F01C2003C800A1F776 /* Release */ = {
			isa = XCBuildConfiguration;
			buildSettings = {
				ASSETCATALOG_COMPILER_APPICON_NAME = AppIcon;
				INFOPLIST_FILE = HWDownSelectedTF/Info.plist;
				IPHONEOS_DEPLOYMENT_TARGET = 7.0;
				LD_RUNPATH_SEARCH_PATHS = "$(inherited) @executable_path/Frameworks";
				PRODUCT_BUNDLE_IDENTIFIER = com.andlisoft.HWDownSelectedTF;
				PRODUCT_NAME = "$(TARGET_NAME)";
			};
			name = Release;
		};
/* End XCBuildConfiguration section */

/* Begin XCConfigurationList section */
		68C582D21C2003C800A1F776 /* Build configuration list for PBXProject "HWDownSelectedTF" */ = {
			isa = XCConfigurationList;
			buildConfigurations = (
				68C582EC1C2003C800A1F776 /* Debug */,
				68C582ED1C2003C800A1F776 /* Release */,
			);
			defaultConfigurationIsVisible = 0;
			defaultConfigurationName = Release;
		};
		68C582EE1C2003C800A1F776 /* Build configuration list for PBXNativeTarget "HWDownSelectedTF" */ = {
			isa = XCConfigurationList;
			buildConfigurations = (
				68C582EF1C2003C800A1F776 /* Debug */,
				68C582F01C2003C800A1F776 /* Release */,
			);
			defaultConfigurationIsVisible = 0;
			defaultConfigurationName = Release;
		};
/* End XCConfigurationList section */
	};
	rootObject = 68C582CF1C2003C800A1F776 /* Project object */;
}
